
Microsoft Visual Studio Solution File, Format Version 12.00
# Visual Studio Version 16
VisualStudioVersion = 16.0.30611.23
MinimumVisualStudioVersion = 10.0.40219.1
Project("{2150E333-8FDC-42A3-9474-1A3956D46DE8}") = "Solution Items", "Solution Items", "{C49B8C98-0491-4A32-965A-7CE7C22B9DA3}"
	ProjectSection(SolutionItems) = preProject
		.editorconfig = .editorconfig
	EndProjectSection
EndProject
Project("{2150E333-8FDC-42A3-9474-1A3956D46DE8}") = "functional", "functional", "{8FF85713-860A-4F56-8787-C2083F0C548D}"
EndProject
Project("{9A19103F-16F7-4668-BE54-9A1E7A4F7556}") = "Functional.Common", "functional.common\Functional.Common.csproj", "{BD2FDE2B-B0B1-4EAB-B642-6CC2CFA9C3E8}"
EndProject
Project("{9A19103F-16F7-4668-BE54-9A1E7A4F7556}") = "functional.core", "functional.core\functional.core.csproj", "{3930A453-0244-49EE-A9F6-096F615CCD86}"
EndProject
Project("{9A19103F-16F7-4668-BE54-9A1E7A4F7556}") = "functional.daemon", "functional.daemon\functional.daemon.csproj", "{7881CDF1-DD6B-437C-B411-923533F003C9}"
EndProject
Project("{2150E333-8FDC-42A3-9474-1A3956D46DE8}") = "Tests", "Tests", "{E0EE0543-9156-4A9E-B40D-3E087D9E41C5}"
EndProject
Project("{9A19103F-16F7-4668-BE54-9A1E7A4F7556}") = "functional.common.tests", "functional.common.tests\functional.common.tests.csproj", "{D45ED56C-769B-4BDC-BF0D-59DB600ED729}"
EndProject
Project("{9A19103F-16F7-4668-BE54-9A1E7A4F7556}") = "functional.core.tests", "functional.core.tests\functional.core.tests.csproj", "{C073B6EF-746B-492C-BAE2-51F08AB9AC9B}"
EndProject
Project("{9A19103F-16F7-4668-BE54-9A1E7A4F7556}") = "functional.infrastructure", "functional.infrastructure\functional.infrastructure.csproj", "{6636DA55-8262-4D40-8A4A-74306ACB5E48}"
EndProject
Global
	GlobalSection(SolutionConfigurationPlatforms) = preSolution
		Debug|Any CPU = Debug|Any CPU
		Release|Any CPU = Release|Any CPU
	EndGlobalSection
	GlobalSection(ProjectConfigurationPlatforms) = postSolution
		{BD2FDE2B-B0B1-4EAB-B642-6CC2CFA9C3E8}.Debug|Any CPU.ActiveCfg = Debug|Any CPU
		{BD2FDE2B-B0B1-4EAB-B642-6CC2CFA9C3E8}.Debug|Any CPU.Build.0 = Debug|Any CPU
		{BD2FDE2B-B0B1-4EAB-B642-6CC2CFA9C3E8}.Release|Any CPU.ActiveCfg = Release|Any CPU
		{BD2FDE2B-B0B1-4EAB-B642-6CC2CFA9C3E8}.Release|Any CPU.Build.0 = Release|Any CPU
		{3930A453-0244-49EE-A9F6-096F615CCD86}.Debug|Any CPU.ActiveCfg = Debug|Any CPU
		{3930A453-0244-49EE-A9F6-096F615CCD86}.Debug|Any CPU.Build.0 = Debug|Any CPU
		{3930A453-0244-49EE-A9F6-096F615CCD86}.Release|Any CPU.ActiveCfg = Release|Any CPU
		{3930A453-0244-49EE-A9F6-096F615CCD86}.Release|Any CPU.Build.0 = Release|Any CPU
		{7881CDF1-DD6B-437C-B411-923533F003C9}.Debug|Any CPU.ActiveCfg = Debug|Any CPU
		{7881CDF1-DD6B-437C-B411-923533F003C9}.Debug|Any CPU.Build.0 = Debug|Any CPU
		{7881CDF1-DD6B-437C-B411-923533F003C9}.Release|Any CPU.ActiveCfg = Release|Any CPU
		{7881CDF1-DD6B-437C-B411-923533F003C9}.Release|Any CPU.Build.0 = Release|Any CPU
		{D45ED56C-769B-4BDC-BF0D-59DB600ED729}.Debug|Any CPU.ActiveCfg = Debug|Any CPU
		{D45ED56C-769B-4BDC-BF0D-59DB600ED729}.Debug|Any CPU.Build.0 = Debug|Any CPU
		{D45ED56C-769B-4BDC-BF0D-59DB600ED729}.Release|Any CPU.ActiveCfg = Release|Any CPU
		{D45ED56C-769B-4BDC-BF0D-59DB600ED729}.Release|Any CPU.Build.0 = Release|Any CPU
		{C073B6EF-746B-492C-BAE2-51F08AB9AC9B}.Debug|Any CPU.ActiveCfg = Debug|Any CPU
		{C073B6EF-746B-492C-BAE2-51F08AB9AC9B}.Debug|Any CPU.Build.0 = Debug|Any CPU
		{C073B6EF-746B-492C-BAE2-51F08AB9AC9B}.Release|Any CPU.ActiveCfg = Release|Any CPU
		{C073B6EF-746B-492C-BAE2-51F08AB9AC9B}.Release|Any CPU.Build.0 = Release|Any CPU
		{6636DA55-8262-4D40-8A4A-74306ACB5E48}.Debug|Any CPU.ActiveCfg = Debug|Any CPU
		{6636DA55-8262-4D40-8A4A-74306ACB5E48}.Debug|Any CPU.Build.0 = Debug|Any CPU
		{6636DA55-8262-4D40-8A4A-74306ACB5E48}.Release|Any CPU.ActiveCfg = Release|Any CPU
		{6636DA55-8262-4D40-8A4A-74306ACB5E48}.Release|Any CPU.Build.0 = Release|Any CPU
	EndGlobalSection
	GlobalSection(SolutionProperties) = preSolution
		HideSolutionNode = FALSE
	EndGlobalSection
	GlobalSection(NestedProjects) = preSolution
		{BD2FDE2B-B0B1-4EAB-B642-6CC2CFA9C3E8} = {8FF85713-860A-4F56-8787-C2083F0C548D}
		{3930A453-0244-49EE-A9F6-096F615CCD86} = {8FF85713-860A-4F56-8787-C2083F0C548D}
		{7881CDF1-DD6B-437C-B411-923533F003C9} = {8FF85713-860A-4F56-8787-C2083F0C548D}
		{D45ED56C-769B-4BDC-BF0D-59DB600ED729} = {E0EE0543-9156-4A9E-B40D-3E087D9E41C5}
		{C073B6EF-746B-492C-BAE2-51F08AB9AC9B} = {E0EE0543-9156-4A9E-B40D-3E087D9E41C5}
		{6636DA55-8262-4D40-8A4A-74306ACB5E48} = {8FF85713-860A-4F56-8787-C2083F0C548D}
	EndGlobalSection
	GlobalSection(ExtensibilityGlobals) = postSolution
		SolutionGuid = {118CD858-FF61-463D-9E2E-3156688B08A7}
	EndGlobalSection
EndGlobal
